// !$*UTF8*$!
{
	archiveVersion = 1;
	classes = {
	};
	objectVersion = 46;
	objects = {

/* Begin PBXBuildFile section */
		5E083B701BA81561009B7A2C /* MenuViewController.swift in Sources */ = {isa = PBXBuildFile; fileRef = 5E083B6F1BA81561009B7A2C /* MenuViewController.swift */; };
		5E083B771BA81997009B7A2C /* SWRevealViewController.m in Sources */ = {isa = PBXBuildFile; fileRef = 5E083B761BA81997009B7A2C /* SWRevealViewController.m */; };
		5E083B791BA81D61009B7A2C /* TestViewController.swift in Sources */ = {isa = PBXBuildFile; fileRef = 5E083B781BA81D61009B7A2C /* TestViewController.swift */; };
		5E7BF0911BA96AC0002AF24C /* TestTableViewCell.swift in Sources */ = {isa = PBXBuildFile; fileRef = 5E7BF0901BA96AC0002AF24C /* TestTableViewCell.swift */; };
		5EC0BBA01BA2CA2E00726D1F /* AppDelegate.swift in Sources */ = {isa = PBXBuildFile; fileRef = 5EC0BB9F1BA2CA2E00726D1F /* AppDelegate.swift */; };
		5EC0BBA21BA2CA2E00726D1F /* ViewController.swift in Sources */ = {isa = PBXBuildFile; fileRef = 5EC0BBA11BA2CA2E00726D1F /* ViewController.swift */; };
		5EC0BBA51BA2CA2E00726D1F /* Main.storyboard in Resources */ = {isa = PBXBuildFile; fileRef = 5EC0BBA31BA2CA2E00726D1F /* Main.storyboard */; };
		5EC0BBA71BA2CA2E00726D1F /* Images.xcassets in Resources */ = {isa = PBXBuildFile; fileRef = 5EC0BBA61BA2CA2E00726D1F /* Images.xcassets */; };
		5EC0BBAA1BA2CA2E00726D1F /* LaunchScreen.xib in Resources */ = {isa = PBXBuildFile; fileRef = 5EC0BBA81BA2CA2E00726D1F /* LaunchScreen.xib */; };
		5EC0BBB61BA2CA2F00726D1F /* lmtestTests.swift in Sources */ = {isa = PBXBuildFile; fileRef = 5EC0BBB51BA2CA2F00726D1F /* lmtestTests.swift */; };
/* End PBXBuildFile section */

/* Begin PBXContainerItemProxy section */
		5EC0BBB01BA2CA2F00726D1F /* PBXContainerItemProxy */ = {
			isa = PBXContainerItemProxy;
			containerPortal = 5EC0BB921BA2CA2E00726D1F /* Project object */;
			proxyType = 1;
			remoteGlobalIDString = 5EC0BB991BA2CA2E00726D1F;
			remoteInfo = lmtest;
		};
/* End PBXContainerItemProxy section */

/* Begin PBXFileReference section */
		5E083B6F1BA81561009B7A2C /* MenuViewController.swift */ = {isa = PBXFileReference; fileEncoding = 4; lastKnownFileType = sourcecode.swift; name = MenuViewController.swift; path = ../MenuViewController.swift; sourceTree = "<group>"; };
		5E083B741BA81996009B7A2C /* lmtest-Bridging-Header.h */ = {isa = PBXFileReference; lastKnownFileType = sourcecode.c.h; path = "lmtest-Bridging-Header.h"; sourceTree = "<group>"; };
		5E083B751BA81997009B7A2C /* SWRevealViewController.h */ = {isa = PBXFileReference; fileEncoding = 4; lastKnownFileType = sourcecode.c.h; path = SWRevealViewController.h; sourceTree = "<group>"; };
		5E083B761BA81997009B7A2C /* SWRevealViewController.m */ = {isa = PBXFileReference; fileEncoding = 4; lastKnownFileType = sourcecode.c.objc; path = SWRevealViewController.m; sourceTree = "<group>"; };
		5E083B781BA81D61009B7A2C /* TestViewController.swift */ = {isa = PBXFileReference; fileEncoding = 4; lastKnownFileType = sourcecode.swift; path = TestViewController.swift; sourceTree = "<group>"; };
		5E7BF0901BA96AC0002AF24C /* TestTableViewCell.swift */ = {isa = PBXFileReference; fileEncoding = 4; lastKnownFileType = sourcecode.swift; path = TestTableViewCell.swift; sourceTree = "<group>"; };
		5EC0BB9A1BA2CA2E00726D1F /* lmtest.app */ = {isa = PBXFileReference; explicitFileType = wrapper.application; includeInIndex = 0; path = lmtest.app; sourceTree = BUILT_PRODUCTS_DIR; };
		5EC0BB9E1BA2CA2E00726D1F /* Info.plist */ = {isa = PBXFileReference; lastKnownFileType = text.plist.xml; path = Info.plist; sourceTree = "<group>"; };
		5EC0BB9F1BA2CA2E00726D1F /* AppDelegate.swift */ = {isa = PBXFileReference; lastKnownFileType = sourcecode.swift; path = AppDelegate.swift; sourceTree = "<group>"; };
		5EC0BBA11BA2CA2E00726D1F /* ViewController.swift */ = {isa = PBXFileReference; lastKnownFileType = sourcecode.swift; path = ViewController.swift; sourceTree = "<group>"; };
		5EC0BBA41BA2CA2E00726D1F /* Base */ = {isa = PBXFileReference; lastKnownFileType = file.storyboard; name = Base; path = Base.lproj/Main.storyboard; sourceTree = "<group>"; };
		5EC0BBA61BA2CA2E00726D1F /* Images.xcassets */ = {isa = PBXFileReference; lastKnownFileType = folder.assetcatalog; path = Images.xcassets; sourceTree = "<group>"; };
		5EC0BBA91BA2CA2E00726D1F /* Base */ = {isa = PBXFileReference; lastKnownFileType = file.xib; name = Base; path = Base.lproj/LaunchScreen.xib; sourceTree = "<group>"; };
		5EC0BBAF1BA2CA2F00726D1F /* lmtestTests.xctest */ = {isa = PBXFileReference; explicitFileType = wrapper.cfbundle; includeInIndex = 0; path = lmtestTests.xctest; sourceTree = BUILT_PRODUCTS_DIR; };
		5EC0BBB41BA2CA2F00726D1F /* Info.plist */ = {isa = PBXFileReference; lastKnownFileType = text.plist.xml; path = Info.plist; sourceTree = "<group>"; };
		5EC0BBB51BA2CA2F00726D1F /* lmtestTests.swift */ = {isa = PBXFileReference; lastKnownFileType = sourcecode.swift; path = lmtestTests.swift; sourceTree = "<group>"; };
/* End PBXFileReference section */

/* Begin PBXFrameworksBuildPhase section */
		5EC0BB971BA2CA2E00726D1F /* Frameworks */ = {
			isa = PBXFrameworksBuildPhase;
			buildActionMask = 2147483647;
			files = (
			);
			runOnlyForDeploymentPostprocessing = 0;
		};
		5EC0BBAC1BA2CA2F00726D1F /* Frameworks */ = {
			isa = PBXFrameworksBuildPhase;
			buildActionMask = 2147483647;
			files = (
			);
			runOnlyForDeploymentPostprocessing = 0;
		};
/* End PBXFrameworksBuildPhase section */

/* Begin PBXGroup section */
		5E083B731BA81961009B7A2C /* SWRevealViewController */ = {
			isa = PBXGroup;
			children = (
				5E083B751BA81997009B7A2C /* SWRevealViewController.h */,
				5E083B761BA81997009B7A2C /* SWRevealViewController.m */,
				5E083B741BA81996009B7A2C /* lmtest-Bridging-Header.h */,
			);
			name = SWRevealViewController;
			path = ..;
			sourceTree = "<group>";
		};
		5EC0BB911BA2CA2E00726D1F = {
			isa = PBXGroup;
			children = (
				5EC0BB9C1BA2CA2E00726D1F /* lmtest */,
				5EC0BBB21BA2CA2F00726D1F /* lmtestTests */,
				5EC0BB9B1BA2CA2E00726D1F /* Products */,
			);
			sourceTree = "<group>";
		};
		5EC0BB9B1BA2CA2E00726D1F /* Products */ = {
			isa = PBXGroup;
			children = (
				5EC0BB9A1BA2CA2E00726D1F /* lmtest.app */,
				5EC0BBAF1BA2CA2F00726D1F /* lmtestTests.xctest */,
			);
			name = Products;
			sourceTree = "<group>";
		};
		5EC0BB9C1BA2CA2E00726D1F /* lmtest */ = {
			isa = PBXGroup;
			children = (
				5E083B731BA81961009B7A2C /* SWRevealViewController */,
				5E083B6F1BA81561009B7A2C /* MenuViewController.swift */,
				5E083B781BA81D61009B7A2C /* TestViewController.swift */,
				5E7BF0901BA96AC0002AF24C /* TestTableViewCell.swift */,
				5EC0BB9F1BA2CA2E00726D1F /* AppDelegate.swift */,
				5EC0BBA11BA2CA2E00726D1F /* ViewController.swift */,
				5EC0BBA31BA2CA2E00726D1F /* Main.storyboard */,
				5EC0BBA61BA2CA2E00726D1F /* Images.xcassets */,
				5EC0BBA81BA2CA2E00726D1F /* LaunchScreen.xib */,
				5EC0BB9D1BA2CA2E00726D1F /* Supporting Files */,
			);
			path = lmtest;
			sourceTree = "<group>";
		};
		5EC0BB9D1BA2CA2E00726D1F /* Supporting Files */ = {
			isa = PBXGroup;
			children = (
				5EC0BB9E1BA2CA2E00726D1F /* Info.plist */,
			);
			name = "Supporting Files";
			sourceTree = "<group>";
		};
		5EC0BBB21BA2CA2F00726D1F /* lmtestTests */ = {
			isa = PBXGroup;
			children = (
				5EC0BBB51BA2CA2F00726D1F /* lmtestTests.swift */,
				5EC0BBB31BA2CA2F00726D1F /* Supporting Files */,
			);
			path = lmtestTests;
			sourceTree = "<group>";
		};
		5EC0BBB31BA2CA2F00726D1F /* Supporting Files */ = {
			isa = PBXGroup;
			children = (
				5EC0BBB41BA2CA2F00726D1F /* Info.plist */,
			);
			name = "Supporting Files";
			sourceTree = "<group>";
		};
/* End PBXGroup section */

/* Begin PBXNativeTarget section */
		5EC0BB991BA2CA2E00726D1F /* lmtest */ = {
			isa = PBXNativeTarget;
			buildConfigurationList = 5EC0BBB91BA2CA2F00726D1F /* Build configuration list for PBXNativeTarget "lmtest" */;
			buildPhases = (
				5EC0BB961BA2CA2E00726D1F /* Sources */,
				5EC0BB971BA2CA2E00726D1F /* Frameworks */,
				5EC0BB981BA2CA2E00726D1F /* Resources */,
			);
			buildRules = (
			);
			dependencies = (
			);
			name = lmtest;
			productName = lmtest;
			productReference = 5EC0BB9A1BA2CA2E00726D1F /* lmtest.app */;
			productType = "com.apple.product-type.application";
		};
		5EC0BBAE1BA2CA2F00726D1F /* lmtestTests */ = {
			isa = PBXNativeTarget;
			buildConfigurationList = 5EC0BBBC1BA2CA2F00726D1F /* Build configuration list for PBXNativeTarget "lmtestTests" */;
			buildPhases = (
				5EC0BBAB1BA2CA2F00726D1F /* Sources */,
				5EC0BBAC1BA2CA2F00726D1F /* Frameworks */,
				5EC0BBAD1BA2CA2F00726D1F /* Resources */,
			);
			buildRules = (
			);
			dependencies = (
				5EC0BBB11BA2CA2F00726D1F /* PBXTargetDependency */,
			);
			name = lmtestTests;
			productName = lmtestTests;
			productReference = 5EC0BBAF1BA2CA2F00726D1F /* lmtestTests.xctest */;
			productType = "com.apple.product-type.bundle.unit-test";
		};
/* End PBXNativeTarget section */

/* Begin PBXProject section */
		5EC0BB921BA2CA2E00726D1F /* Project object */ = {
			isa = PBXProject;
			attributes = {
				LastSwiftUpdateCheck = 0700;
				LastUpgradeCheck = 0700;
				ORGANIZATIONNAME = mt;
				TargetAttributes = {
					5EC0BB991BA2CA2E00726D1F = {
						CreatedOnToolsVersion = 6.4;
					};
					5EC0BBAE1BA2CA2F00726D1F = {
						CreatedOnToolsVersion = 6.4;
						TestTargetID = 5EC0BB991BA2CA2E00726D1F;
					};
				};
			};
			buildConfigurationList = 5EC0BB951BA2CA2E00726D1F /* Build configuration list for PBXProject "lmtest" */;
			compatibilityVersion = "Xcode 3.2";
			developmentRegion = English;
			hasScannedForEncodings = 0;
			knownRegions = (
				en,
				Base,
			);
			mainGroup = 5EC0BB911BA2CA2E00726D1F;
			productRefGroup = 5EC0BB9B1BA2CA2E00726D1F /* Products */;
			projectDirPath = "";
			projectRoot = "";
			targets = (
				5EC0BB991BA2CA2E00726D1F /* lmtest */,
				5EC0BBAE1BA2CA2F00726D1F /* lmtestTests */,
			);
		};
/* End PBXProject section */

/* Begin PBXResourcesBuildPhase section */
		5EC0BB981BA2CA2E00726D1F /* Resources */ = {
			isa = PBXResourcesBuildPhase;
			buildActionMask = 2147483647;
			files = (
				5EC0BBA51BA2CA2E00726D1F /* Main.storyboard in Resources */,
				5EC0BBAA1BA2CA2E00726D1F /* LaunchScreen.xib in Resources */,
				5EC0BBA71BA2CA2E00726D1F /* Images.xcassets in Resources */,
			);
			runOnlyForDeploymentPostprocessing = 0;
		};
		5EC0BBAD1BA2CA2F00726D1F /* Resources */ = {
			isa = PBXResourcesBuildPhase;
			buildActionMask = 2147483647;
			files = (
			);
			runOnlyForDeploymentPostprocessing = 0;
		};
/* End PBXResourcesBuildPhase section */

/* Begin PBXSourcesBuildPhase section */
		5EC0BB961BA2CA2E00726D1F /* Sources */ = {
			isa = PBXSourcesBuildPhase;
			buildActionMask = 2147483647;
			files = (
				5E083B791BA81D61009B7A2C /* TestViewController.swift in Sources */,
				5EC0BBA21BA2CA2E00726D1F /* ViewController.swift in Sources */,
				5E083B701BA81561009B7A2C /* MenuViewController.swift in Sources */,
				5EC0BBA01BA2CA2E00726D1F /* AppDelegate.swift in Sources */,
				5E083B771BA81997009B7A2C /* SWRevealViewController.m in Sources */,
				5E7BF0911BA96AC0002AF24C /* TestTableViewCell.swift in Sources */,
			);
			runOnlyForDeploymentPostprocessing = 0;
		};
		5EC0BBAB1BA2CA2F00726D1F /* Sources */ = {
			isa = PBXSourcesBuildPhase;
			buildActionMask = 2147483647;
			files = (
				5EC0BBB61BA2CA2F00726D1F /* lmtestTests.swift in Sources */,
			);
			runOnlyForDeploymentPostprocessing = 0;
		};
/* End PBXSourcesBuildPhase section */

/* Begin PBXTargetDependency section */
		5EC0BBB11BA2CA2F00726D1F /* PBXTargetDependency */ = {
			isa = PBXTargetDependency;
			target = 5EC0BB991BA2CA2E00726D1F /* lmtest */;
			targetProxy = 5EC0BBB01BA2CA2F00726D1F /* PBXContainerItemProxy */;
		};
/* End PBXTargetDependency section */

/* Begin PBXVariantGroup section */
		5EC0BBA31BA2CA2E00726D1F /* Main.storyboard */ = {
			isa = PBXVariantGroup;
			children = (
				5EC0BBA41BA2CA2E00726D1F /* Base */,
			);
			name = Main.storyboard;
			sourceTree = "<group>";
		};
		5EC0BBA81BA2CA2E00726D1F /* LaunchScreen.xib */ = {
			isa = PBXVariantGroup;
			children = (
				5EC0BBA91BA2CA2E00726D1F /* Base */,
			);
			name = LaunchScreen.xib;
			sourceTree = "<group>";
		};
/* End PBXVariantGroup section */

/* Begin XCBuildConfiguration section */
		5EC0BBB71BA2CA2F00726D1F /* Debug */ = {
			isa = XCBuildConfiguration;
			buildSettings = {
				ALWAYS_SEARCH_USER_PATHS = NO;
				CLANG_CXX_LANGUAGE_STANDARD = "gnu++0x";
				CLANG_CXX_LIBRARY = "libc++";
				CLANG_ENABLE_MODULES = YES;
				CLANG_ENABLE_OBJC_ARC = YES;
				CLANG_WARN_BOOL_CONVERSION = YES;
				CLANG_WARN_CONSTANT_CONVERSION = YES;
				CLANG_WARN_DIRECT_OBJC_ISA_USAGE = YES_ERROR;
				CLANG_WARN_EMPTY_BODY = YES;
				CLANG_WARN_ENUM_CONVERSION = YES;
				CLANG_WARN_INT_CONVERSION = YES;
				CLANG_WARN_OBJC_ROOT_CLASS = YES_ERROR;
				CLANG_WARN_UNREACHABLE_CODE = YES;
				CLANG_WARN__DUPLICATE_METHOD_MATCH = YES;
				"CODE_SIGN_IDENTITY[sdk=iphoneos*]" = "iPhone Developer";
				COPY_PHASE_STRIP = NO;
				DEBUG_INFORMATION_FORMAT = "dwarf-with-dsym";
				ENABLE_STRICT_OBJC_MSGSEND = YES;
				ENABLE_TESTABILITY = YES;
				GCC_C_LANGUAGE_STANDARD = gnu99;
				GCC_DYNAMIC_NO_PIC = NO;
				GCC_NO_COMMON_BLOCKS = YES;
				GCC_OPTIMIZATION_LEVEL = 0;
				GCC_PREPROCESSOR_DEFINITIONS = (
					"DEBUG=1",
					"$(inherited)",
				);
				GCC_SYMBOLS_PRIVATE_EXTERN = NO;
				GCC_WARN_64_TO_32_BIT_CONVERSION = YES;
				GCC_WARN_ABOUT_RETURN_TYPE = YES_ERROR;
				GCC_WARN_UNDECLARED_SELECTOR = YES;
				GCC_WARN_UNINITIALIZED_AUTOS = YES_AGGRESSIVE;
				GCC_WARN_UNUSED_FUNCTION = YES;
				GCC_WARN_UNUSED_VARIABLE = YES;
				IPHONEOS_DEPLOYMENT_TARGET = 8.4;
				MTL_ENABLE_DEBUG_INFO = YES;
				ONLY_ACTIVE_ARCH = YES;
				SDKROOT = iphoneos;
				SWIFT_OPTIMIZATION_LEVEL = "-Onone";
				TARGETED_DEVICE_FAMILY = "1,2";
			};
			name = Debug;
		};
		5EC0BBB81BA2CA2F00726D1F /* Release */ = {
			isa = XCBuildConfiguration;
			buildSettings = {
				ALWAYS_SEARCH_USER_PATHS = NO;
				CLANG_CXX_LANGUAGE_STANDARD = "gnu++0x";
				CLANG_CXX_LIBRARY = "libc++";
				CLANG_ENABLE_MODULES = YES;
				CLANG_ENABLE_OBJC_ARC = YES;
				CLANG_WARN_BOOL_CONVERSION = YES;
				CLANG_WARN_CONSTANT_CONVERSION = YES;
				CLANG_WARN_DIRECT_OBJC_ISA_USAGE = YES_ERROR;
				CLANG_WARN_EMPTY_BODY = YES;
				CLANG_WARN_ENUM_CONVERSION = YES;
				CLANG_WARN_INT_CONVERSION = YES;
				CLANG_WARN_OBJC_ROOT_CLASS = YES_ERROR;
				CLANG_WARN_UNREACHABLE_CODE = YES;
				CLANG_WARN__DUPLICATE_METHOD_MATCH = YES;
				"CODE_SIGN_IDENTITY[sdk=iphoneos*]" = "iPhone Developer";
				COPY_PHASE_STRIP = NO;
				DEBUG_INFORMATION_FORMAT = "dwarf-with-dsym";
				ENABLE_NS_ASSERTIONS = NO;
				ENABLE_STRICT_OBJC_MSGSEND = YES;
				GCC_C_LANGUAGE_STANDARD = gnu99;
				GCC_NO_COMMON_BLOCKS = YES;
				GCC_WARN_64_TO_32_BIT_CONVERSION = YES;
				GCC_WARN_ABOUT_RETURN_TYPE = YES_ERROR;
				GCC_WARN_UNDECLARED_SELECTOR = YES;
				GCC_WARN_UNINITIALIZED_AUTOS = YES_AGGRESSIVE;
				GCC_WARN_UNUSED_FUNCTION = YES;
				GCC_WARN_UNUSED_VARIABLE = YES;
				IPHONEOS_DEPLOYMENT_TARGET = 8.4;
				MTL_ENABLE_DEBUG_INFO = NO;
				SDKROOT = iphoneos;
				TARGETED_DEVICE_FAMILY = "1,2";
				VALIDATE_PRODUCT = YES;
			};
			name = Release;
		};
		5EC0BBBA1BA2CA2F00726D1F /* Debug */ = {
			isa = XCBuildConfiguration;
			buildSettings = {
				ASSETCATALOG_COMPILER_APPICON_NAME = AppIcon;
				CLANG_ENABLE_MODULES = YES;
				INFOPLIST_FILE = lmtest/Info.plist;
				LD_RUNPATH_SEARCH_PATHS = "$(inherited) @executable_path/Frameworks";
				PRODUCT_BUNDLE_IDENTIFIER = "mt.$(PRODUCT_NAME:rfc1034identifier)";
				PRODUCT_NAME = "$(TARGET_NAME)";
				SWIFT_OBJC_BRIDGING_HEADER = "lmtest-Bridging-Header.h";
				SWIFT_OPTIMIZATION_LEVEL = "-Onone";
			};
			name = Debug;
		};
		5EC0BBBB1BA2CA2F00726D1F /* Release */ = {
			isa = XCBuildConfiguration;
			buildSettings = {
				ASSETCATALOG_COMPILER_APPICON_NAME = AppIcon;
				CLANG_ENABLE_MODULES = YES;
				INFOPLIST_FILE = lmtest/Info.plist;
				LD_RUNPATH_SEARCH_PATHS = "$(inherited) @executable_path/Frameworks";
				PRODUCT_BUNDLE_IDENTIFIER = "mt.$(PRODUCT_NAME:rfc1034identifier)";
				PRODUCT_NAME = "$(TARGET_NAME)";
				SWIFT_OBJC_BRIDGING_HEADER = "lmtest-Bridging-Header.h";
			};
			name = Release;
		};
		5EC0BBBD1BA2CA2F00726D1F /* Debug */ = {
			isa = XCBuildConfiguration;
			buildSettings = {
				BUNDLE_LOADER = "$(TEST_HOST)";
				FRAMEWORK_SEARCH_PATHS = (
					"$(SDKROOT)/Developer/Library/Frameworks",
					"$(inherited)",
				);
				GCC_PREPROCESSOR_DEFINITIONS = (
					"DEBUG=1",
					"$(inherited)",
				);
				INFOPLIST_FILE = lmtestTests/Info.plist;
				LD_RUNPATH_SEARCH_PATHS = "$(inherited) @executable_path/Frameworks @loader_path/Frameworks";
				PRODUCT_BUNDLE_IDENTIFIER = "mt.$(PRODUCT_NAME:rfc1034identifier)";
				PRODUCT_NAME = "$(TARGET_NAME)";
				TEST_HOST = "$(BUILT_PRODUCTS_DIR)/lmtest.app/lmtest";
			};
			name = Debug;
		};
		5EC0BBBE1BA2CA2F00726D1F /* Release */ = {
			isa = XCBuildConfiguration;
			buildSettings = {
				BUNDLE_LOADER = "$(TEST_HOST)";
				FRAMEWORK_SEARCH_PATHS = (
					"$(SDKROOT)/Developer/Library/Frameworks",
					"$(inherited)",
				);
				INFOPLIST_FILE = lmtestTests/Info.plist;
				LD_RUNPATH_SEARCH_PATHS = "$(inherited) @executable_path/Frameworks @loader_path/Frameworks";
				PRODUCT_BUNDLE_IDENTIFIER = "mt.$(PRODUCT_NAME:rfc1034identifier)";
				PRODUCT_NAME = "$(TARGET_NAME)";
				TEST_HOST = "$(BUILT_PRODUCTS_DIR)/lmtest.app/lmtest";
			};
			name = Release;
		};
/* End XCBuildConfiguration section */

/* Begin XCConfigurationList section */
		5EC0BB951BA2CA2E00726D1F /* Build configuration list for PBXProject "lmtest" */ = {
			isa = XCConfigurationList;
			buildConfigurations = (
				5EC0BBB71BA2CA2F00726D1F /* Debug */,
				5EC0BBB81BA2CA2F00726D1F /* Release */,
			);
			defaultConfigurationIsVisible = 0;
			defaultConfigurationName = Release;
		};
		5EC0BBB91BA2CA2F00726D1F /* Build configuration list for PBXNativeTarget "lmtest" */ = {
			isa = XCConfigurationList;
			buildConfigurations = (
				5EC0BBBA1BA2CA2F00726D1F /* Debug */,
				5EC0BBBB1BA2CA2F00726D1F /* Release */,
			);
			defaultConfigurationIsVisible = 0;
			defaultConfigurationName = Release;
		};
		5EC0BBBC1BA2CA2F00726D1F /* Build configuration list for PBXNativeTarget "lmtestTests" */ = {
			isa = XCConfigurationList;
			buildConfigurations = (
				5EC0BBBD1BA2CA2F00726D1F /* Debug */,
				5EC0BBBE1BA2CA2F00726D1F /* Release */,
			);
			defaultConfigurationIsVisible = 0;
			defaultConfigurationName = Release;
		};
/* End XCConfigurationList section */
	};
	rootObject = 5EC0BB921BA2CA2E00726D1F /* Project object */;
}
